
Microsoft Visual Studio Solution File, Format Version 12.00
# Visual Studio Version 16
VisualStudioVersion = 25.0.1700.0
MinimumVisualStudioVersion = 10.0.40219.1
Project("{FAE04EC0-301F-11D3-BF4B-00C04F79EFBC}") = "MinimalApi", "MinimalApi\MinimalApi.csproj", "{3E4CB7B0-C0AF-465B-8E74-D763523A1D17}"
EndProject
Global
	GlobalSection(SolutionConfigurationPlatforms) = preSolution
		Debug|Any CPU = Debug|Any CPU
		Release|Any CPU = Release|Any CPU
	EndGlobalSection
	GlobalSection(ProjectConfigurationPlatforms) = postSolution
		{3E4CB7B0-C0AF-465B-8E74-D763523A1D17}.Debug|Any CPU.ActiveCfg = Debug|Any CPU
		{3E4CB7B0-C0AF-465B-8E74-D763523A1D17}.Debug|Any CPU.Build.0 = Debug|Any CPU
		{3E4CB7B0-C0AF-465B-8E74-D763523A1D17}.Release|Any CPU.ActiveCfg = Release|Any CPU
		{3E4CB7B0-C0AF-465B-8E74-D763523A1D17}.Release|Any CPU.Build.0 = Release|Any CPU
	EndGlobalSection
	GlobalSection(SolutionProperties) = preSolution
		HideSolutionNode = FALSE
	EndGlobalSection
	GlobalSection(ExtensibilityGlobals) = postSolution
		SolutionGuid = {EC8A84B4-5FC8-4223-A3FC-5615C1D08F9B}
	EndGlobalSection
EndGlobal
